
Microsoft Visual Studio Solution File, Format Version 12.00
# Visual Studio Version 16
VisualStudioVersion = 16.0.32901.84
MinimumVisualStudioVersion = 10.0.40219.1
Project("{FAE04EC0-301F-11D3-BF4B-00C04F79EFBC}") = "Mytool", "Mytool\Mytool.csproj", "{DD38C44E-2FD7-4BA1-8EDB-538057127865}"
EndProject
Global
	GlobalSection(SolutionConfigurationPlatforms) = preSolution
		Debug|Any CPU = Debug|Any CPU
		Release|Any CPU = Release|Any CPU
	EndGlobalSection
	GlobalSection(ProjectConfigurationPlatforms) = postSolution
		{DD38C44E-2FD7-4BA1-8EDB-538057127865}.Debug|Any CPU.ActiveCfg = Debug|Any CPU
		{DD38C44E-2FD7-4BA1-8EDB-538057127865}.Debug|Any CPU.Build.0 = Debug|Any CPU
		{DD38C44E-2FD7-4BA1-8EDB-538057127865}.Release|Any CPU.ActiveCfg = Release|Any CPU
		{DD38C44E-2FD7-4BA1-8EDB-538057127865}.Release|Any CPU.Build.0 = Release|Any CPU
	EndGlobalSection
	GlobalSection(SolutionProperties) = preSolution
		HideSolutionNode = FALSE
	EndGlobalSection
	GlobalSection(ExtensibilityGlobals) = postSolution
		SolutionGuid = {779F381A-6802-4AC0-A504-1F02CD74D806}
	EndGlobalSection
EndGlobal
